{
  "name": "openfab-membres",
  "version": "1.0.0",
  "lockfileVersion": 1,
  "requires": true,
  "dependencies": {
    "nanoid": {
      "version": "1.2.3",
      "resolved": "https://registry.npmjs.org/nanoid/-/nanoid-1.2.3.tgz",
      "integrity": "sha512-BAnxAdaihzMoszwhqRy8FPOX+dijs7esUEUYTIQ1KsOSKmCVNYnitAMmBDFxYzA6VQYvuUKw7o2K1AcMBTGzIg=="
    },
    "shortid": {
      "version": "2.2.13",
      "resolved": "https://registry.npmjs.org/shortid/-/shortid-2.2.13.tgz",
      "integrity": "sha512-dBuNnQGKrJNfjunmXI2X7bl1gnMO4PwbNxrTzO1JvilODmL7WyyCtA+DYxe9XunLXmxmgzFIvKPQ6XRAQrr46Q==",
      "requires": {
        "nanoid": "^1.0.7"
      }
    }
  }
}
